
Microsoft Visual Studio Solution File, Format Version 12.00
# Visual Studio Version 17
VisualStudioVersion = 17.5.002.0
MinimumVisualStudioVersion = 10.0.40219.1
Project("{2150E333-8FDC-42A3-9474-1A3956D46DE8}") = "CS_lab1", "CS_lab1", "{E9C61374-3403-4101-B585-BDF07A3CA0F6}"
EndProject
Project("{9A19103F-16F7-4668-BE54-9A1E7A4F7556}") = "Circle", "CS_lab1\1. Circle\Circle.csproj", "{76E89574-AF9F-4359-880D-7312F19B4761}"
EndProject
Project("{9A19103F-16F7-4668-BE54-9A1E7A4F7556}") = "Swap", "CS_lab1\2. Swap\Swap.csproj", "{6BCB3910-B98D-452C-9F47-1512206BA882}"
EndProject
Project("{9A19103F-16F7-4668-BE54-9A1E7A4F7556}") = "Sum_in_num", "CS_lab1\3. Sum_in_num\Sum_in_num.csproj", "{622FB16E-E31D-4837-8AF8-5019C3B50F80}"
EndProject
Project("{9A19103F-16F7-4668-BE54-9A1E7A4F7556}") = "Mirror", "CS_lab1\4. Mirror\Mirror.csproj", "{E23B5260-444C-4C04-98F0-11BE354DF915}"
EndProject
Project("{9A19103F-16F7-4668-BE54-9A1E7A4F7556}") = "TriangleStraight", "CS_lab1\5. TriangleStraight\TriangleStraight.csproj", "{13AB0425-80BD-4686-8E4F-8A7288F63969}"
EndProject
Project("{9A19103F-16F7-4668-BE54-9A1E7A4F7556}") = "Find_Hypotenuse", "CS_lab1\6. Find_Hypotenuse\Find_Hypotenuse.csproj", "{11EEF6F5-6BEE-4B13-9155-C8E0ADAA0E4E}"
EndProject
Project("{9A19103F-16F7-4668-BE54-9A1E7A4F7556}") = "isosceles_triangle", "CS_lab1\7. isosceles_triangle\isosceles_triangle.csproj", "{5F20D544-3791-4D31-B6F9-40B4CAF6EC29}"
EndProject
Project("{9A19103F-16F7-4668-BE54-9A1E7A4F7556}") = "Unique11", "CS_lab1\Unique11\Unique11.csproj", "{E5F3E43A-5FDE-4075-8B0D-672048BC7934}"
EndProject
Project("{9A19103F-16F7-4668-BE54-9A1E7A4F7556}") = "Unique_3", "CS_lab1\Unique_3\Unique_3.csproj", "{9A06AA86-A591-4FED-B87C-596883E44F7D}"
EndProject
Project("{2150E333-8FDC-42A3-9474-1A3956D46DE8}") = "CS_Lab2", "CS_Lab2", "{22122B7B-8740-474F-94FB-17B85DCFC2DD}"
EndProject
Project("{9A19103F-16F7-4668-BE54-9A1E7A4F7556}") = "1. Even number", "CS_Lab2\1. Even number\1. Even number.csproj", "{2E5145C6-7351-4BC4-A7D6-42FD5FE1C59F}"
EndProject
Project("{9A19103F-16F7-4668-BE54-9A1E7A4F7556}") = "10. Unique11_Discount", "CS_Lab2\10. Unique11_Discount\10. Unique11_Discount.csproj", "{7C9CAD15-F530-49D7-AE67-8CD33F4F33F3}"
EndProject
Project("{9A19103F-16F7-4668-BE54-9A1E7A4F7556}") = "11. Unique_Social_Credit", "CS_Lab2\11. Unique_Social_Credit\11. Unique_Social_Credit.csproj", "{A3694E0D-FEEF-424A-A03A-F2C6DF76F578}"
EndProject
Project("{9A19103F-16F7-4668-BE54-9A1E7A4F7556}") = "2. DoubleDigitWith3AtEnd", "CS_Lab2\2. DoubleDigitWith3AtEnd\2. DoubleDigitWith3AtEnd.csproj", "{70620E5F-2DC1-4D65-A13F-E87127473B89}"
EndProject
Project("{9A19103F-16F7-4668-BE54-9A1E7A4F7556}") = "3. Percent_Counter", "CS_Lab2\3. Percent_Counter\3. Percent_Counter.csproj", "{84B97C08-270C-40D3-8AAB-81C8013F0A92}"
EndProject
Project("{9A19103F-16F7-4668-BE54-9A1E7A4F7556}") = "4. quadratic equation", "CS_Lab2\4. quadratic equation\4. quadratic equation.csproj", "{94082AFB-969E-48F2-AEBF-A96DBB347AB8}"
EndProject
Project("{9A19103F-16F7-4668-BE54-9A1E7A4F7556}") = "5. Day_in_week", "CS_Lab2\5. Day_in_week\5. Day_in_week.csproj", "{2DEAB69E-4A62-417F-A74A-D257A33771F0}"
EndProject
Project("{9A19103F-16F7-4668-BE54-9A1E7A4F7556}") = "6. Multiplication_Table", "CS_Lab2\6. Multiplication_Table\6. Multiplication_Table.csproj", "{6176EA78-B3CA-4C20-BE18-B48DF9E82A66}"
EndProject
Project("{9A19103F-16F7-4668-BE54-9A1E7A4F7556}") = "7. Unique11_Divider", "CS_Lab2\7. Unique11_Divider\7. Unique11_Divider.csproj", "{4AC49525-3958-46E4-B85B-EB1E297E83E9}"
EndProject
Project("{9A19103F-16F7-4668-BE54-9A1E7A4F7556}") = "8. KRATNO TREM", "CS_Lab2\8. Unique11_KRATNO TREM\8. KRATNO TREM.csproj", "{4A0BD19C-6AC3-4761-89ED-5A4C35FB98A5}"
EndProject
Project("{9A19103F-16F7-4668-BE54-9A1E7A4F7556}") = "9. Unique11_system", "CS_Lab2\9. Unique11_system\9. Unique11_system.csproj", "{EFFBA1A6-AF5F-4D36-A00E-E0A04779E22C}"
EndProject
Project("{2150E333-8FDC-42A3-9474-1A3956D46DE8}") = "CS_Lab3", "CS_Lab3", "{C9124755-A96D-49DC-9211-B482EC79045F}"
EndProject
Project("{9A19103F-16F7-4668-BE54-9A1E7A4F7556}") = "1. Even Number Counter and Sum", "CS_Lab3\1. Even Number Counter and Sum\1. Even Number Counter and Sum.csproj", "{47B7D7B7-5D20-458F-87DB-258FC8177EE1}"
EndProject
Project("{9A19103F-16F7-4668-BE54-9A1E7A4F7556}") = "2. End with five", "CS_Lab3\2. End with five\2. End with five.csproj", "{2166B25A-20E6-4641-A2E0-3F33A565F874}"
EndProject
Project("{9A19103F-16F7-4668-BE54-9A1E7A4F7556}") = "3. Max_div_5", "CS_Lab3\3. Max_div_5\3. Max_div_5.csproj", "{6CFB3B18-BD1B-4117-961E-D515EC180378}"
EndProject
Project("{9A19103F-16F7-4668-BE54-9A1E7A4F7556}") = "4. Elementary_test", "CS_Lab3\4. Elementary_test\4. Elementary_test.csproj", "{49B080C9-3980-4AB6-B6FF-44707F7F8A39}"
EndProject
Project("{9A19103F-16F7-4668-BE54-9A1E7A4F7556}") = "4.(optional) Guess number", "CS_Lab3\4.(optional) Guess number\4.(optional) Guess number.csproj", "{87D077D9-088E-41EE-9803-B64C2E5C1CF1}"
EndProject
Project("{9A19103F-16F7-4668-BE54-9A1E7A4F7556}") = "5.(optional) Another_Multiplication_Table", "CS_Lab3\5.(optional) Another_Multiplication_Table\5.(optional) Another_Multiplication_Table.csproj", "{514641A9-8069-4BD6-99C2-CBFBC4D28283}"
EndProject
Project("{9A19103F-16F7-4668-BE54-9A1E7A4F7556}") = "6.(optional) Elementary in range", "CS_Lab3\6.(optional) Elementary in range\6.(optional) Elementary in range.csproj", "{5B4ADCAF-0EC0-41B7-B1DE-7BEB2B624F96}"
EndProject
Project("{9A19103F-16F7-4668-BE54-9A1E7A4F7556}") = "7. unique11_div_with_3", "CS_Lab3\7. unique11_div_with_3\7. unique11_div_with_3.csproj", "{115F64F6-B21E-4BBE-A2F1-B49F3DA61593}"
EndProject
Project("{9A19103F-16F7-4668-BE54-9A1E7A4F7556}") = "8. unique11_percent", "CS_Lab3\8. unique11_percent\8. unique11_percent.csproj", "{7F406831-4CB0-4A0C-B141-6D5D0D101F3C}"
EndProject
Project("{9A19103F-16F7-4668-BE54-9A1E7A4F7556}") = "9. unique11 multiplication table", "CS_Lab3\9. unique11 multiplication table\9. unique11 multiplication table.csproj", "{CE7D1B83-2D29-4EF1-9130-258C91BC7B29}"
EndProject
Global
	GlobalSection(SolutionConfigurationPlatforms) = preSolution
		Debug|Any CPU = Debug|Any CPU
		Release|Any CPU = Release|Any CPU
	EndGlobalSection
	GlobalSection(ProjectConfigurationPlatforms) = postSolution
		{76E89574-AF9F-4359-880D-7312F19B4761}.Debug|Any CPU.ActiveCfg = Debug|Any CPU
		{76E89574-AF9F-4359-880D-7312F19B4761}.Debug|Any CPU.Build.0 = Debug|Any CPU
		{76E89574-AF9F-4359-880D-7312F19B4761}.Release|Any CPU.ActiveCfg = Release|Any CPU
		{76E89574-AF9F-4359-880D-7312F19B4761}.Release|Any CPU.Build.0 = Release|Any CPU
		{6BCB3910-B98D-452C-9F47-1512206BA882}.Debug|Any CPU.ActiveCfg = Debug|Any CPU
		{6BCB3910-B98D-452C-9F47-1512206BA882}.Debug|Any CPU.Build.0 = Debug|Any CPU
		{6BCB3910-B98D-452C-9F47-1512206BA882}.Release|Any CPU.ActiveCfg = Release|Any CPU
		{6BCB3910-B98D-452C-9F47-1512206BA882}.Release|Any CPU.Build.0 = Release|Any CPU
		{622FB16E-E31D-4837-8AF8-5019C3B50F80}.Debug|Any CPU.ActiveCfg = Debug|Any CPU
		{622FB16E-E31D-4837-8AF8-5019C3B50F80}.Debug|Any CPU.Build.0 = Debug|Any CPU
		{622FB16E-E31D-4837-8AF8-5019C3B50F80}.Release|Any CPU.ActiveCfg = Release|Any CPU
		{622FB16E-E31D-4837-8AF8-5019C3B50F80}.Release|Any CPU.Build.0 = Release|Any CPU
		{E23B5260-444C-4C04-98F0-11BE354DF915}.Debug|Any CPU.ActiveCfg = Debug|Any CPU
		{E23B5260-444C-4C04-98F0-11BE354DF915}.Debug|Any CPU.Build.0 = Debug|Any CPU
		{E23B5260-444C-4C04-98F0-11BE354DF915}.Release|Any CPU.ActiveCfg = Release|Any CPU
		{E23B5260-444C-4C04-98F0-11BE354DF915}.Release|Any CPU.Build.0 = Release|Any CPU
		{13AB0425-80BD-4686-8E4F-8A7288F63969}.Debug|Any CPU.ActiveCfg = Debug|Any CPU
		{13AB0425-80BD-4686-8E4F-8A7288F63969}.Debug|Any CPU.Build.0 = Debug|Any CPU
		{13AB0425-80BD-4686-8E4F-8A7288F63969}.Release|Any CPU.ActiveCfg = Release|Any CPU
		{13AB0425-80BD-4686-8E4F-8A7288F63969}.Release|Any CPU.Build.0 = Release|Any CPU
		{11EEF6F5-6BEE-4B13-9155-C8E0ADAA0E4E}.Debug|Any CPU.ActiveCfg = Debug|Any CPU
		{11EEF6F5-6BEE-4B13-9155-C8E0ADAA0E4E}.Debug|Any CPU.Build.0 = Debug|Any CPU
		{11EEF6F5-6BEE-4B13-9155-C8E0ADAA0E4E}.Release|Any CPU.ActiveCfg = Release|Any CPU
		{11EEF6F5-6BEE-4B13-9155-C8E0ADAA0E4E}.Release|Any CPU.Build.0 = Release|Any CPU
		{5F20D544-3791-4D31-B6F9-40B4CAF6EC29}.Debug|Any CPU.ActiveCfg = Debug|Any CPU
		{5F20D544-3791-4D31-B6F9-40B4CAF6EC29}.Debug|Any CPU.Build.0 = Debug|Any CPU
		{5F20D544-3791-4D31-B6F9-40B4CAF6EC29}.Release|Any CPU.ActiveCfg = Release|Any CPU
		{5F20D544-3791-4D31-B6F9-40B4CAF6EC29}.Release|Any CPU.Build.0 = Release|Any CPU
		{E5F3E43A-5FDE-4075-8B0D-672048BC7934}.Debug|Any CPU.ActiveCfg = Debug|Any CPU
		{E5F3E43A-5FDE-4075-8B0D-672048BC7934}.Debug|Any CPU.Build.0 = Debug|Any CPU
		{E5F3E43A-5FDE-4075-8B0D-672048BC7934}.Release|Any CPU.ActiveCfg = Release|Any CPU
		{E5F3E43A-5FDE-4075-8B0D-672048BC7934}.Release|Any CPU.Build.0 = Release|Any CPU
		{9A06AA86-A591-4FED-B87C-596883E44F7D}.Debug|Any CPU.ActiveCfg = Debug|Any CPU
		{9A06AA86-A591-4FED-B87C-596883E44F7D}.Debug|Any CPU.Build.0 = Debug|Any CPU
		{9A06AA86-A591-4FED-B87C-596883E44F7D}.Release|Any CPU.ActiveCfg = Release|Any CPU
		{9A06AA86-A591-4FED-B87C-596883E44F7D}.Release|Any CPU.Build.0 = Release|Any CPU
		{2E5145C6-7351-4BC4-A7D6-42FD5FE1C59F}.Debug|Any CPU.ActiveCfg = Debug|Any CPU
		{2E5145C6-7351-4BC4-A7D6-42FD5FE1C59F}.Debug|Any CPU.Build.0 = Debug|Any CPU
		{2E5145C6-7351-4BC4-A7D6-42FD5FE1C59F}.Release|Any CPU.ActiveCfg = Release|Any CPU
		{2E5145C6-7351-4BC4-A7D6-42FD5FE1C59F}.Release|Any CPU.Build.0 = Release|Any CPU
		{7C9CAD15-F530-49D7-AE67-8CD33F4F33F3}.Debug|Any CPU.ActiveCfg = Debug|Any CPU
		{7C9CAD15-F530-49D7-AE67-8CD33F4F33F3}.Debug|Any CPU.Build.0 = Debug|Any CPU
		{7C9CAD15-F530-49D7-AE67-8CD33F4F33F3}.Release|Any CPU.ActiveCfg = Release|Any CPU
		{7C9CAD15-F530-49D7-AE67-8CD33F4F33F3}.Release|Any CPU.Build.0 = Release|Any CPU
		{A3694E0D-FEEF-424A-A03A-F2C6DF76F578}.Debug|Any CPU.ActiveCfg = Debug|Any CPU
		{A3694E0D-FEEF-424A-A03A-F2C6DF76F578}.Debug|Any CPU.Build.0 = Debug|Any CPU
		{A3694E0D-FEEF-424A-A03A-F2C6DF76F578}.Release|Any CPU.ActiveCfg = Release|Any CPU
		{A3694E0D-FEEF-424A-A03A-F2C6DF76F578}.Release|Any CPU.Build.0 = Release|Any CPU
		{70620E5F-2DC1-4D65-A13F-E87127473B89}.Debug|Any CPU.ActiveCfg = Debug|Any CPU
		{70620E5F-2DC1-4D65-A13F-E87127473B89}.Debug|Any CPU.Build.0 = Debug|Any CPU
		{70620E5F-2DC1-4D65-A13F-E87127473B89}.Release|Any CPU.ActiveCfg = Release|Any CPU
		{70620E5F-2DC1-4D65-A13F-E87127473B89}.Release|Any CPU.Build.0 = Release|Any CPU
		{84B97C08-270C-40D3-8AAB-81C8013F0A92}.Debug|Any CPU.ActiveCfg = Debug|Any CPU
		{84B97C08-270C-40D3-8AAB-81C8013F0A92}.Debug|Any CPU.Build.0 = Debug|Any CPU
		{84B97C08-270C-40D3-8AAB-81C8013F0A92}.Release|Any CPU.ActiveCfg = Release|Any CPU
		{84B97C08-270C-40D3-8AAB-81C8013F0A92}.Release|Any CPU.Build.0 = Release|Any CPU
		{94082AFB-969E-48F2-AEBF-A96DBB347AB8}.Debug|Any CPU.ActiveCfg = Debug|Any CPU
		{94082AFB-969E-48F2-AEBF-A96DBB347AB8}.Debug|Any CPU.Build.0 = Debug|Any CPU
		{94082AFB-969E-48F2-AEBF-A96DBB347AB8}.Release|Any CPU.ActiveCfg = Release|Any CPU
		{94082AFB-969E-48F2-AEBF-A96DBB347AB8}.Release|Any CPU.Build.0 = Release|Any CPU
		{2DEAB69E-4A62-417F-A74A-D257A33771F0}.Debug|Any CPU.ActiveCfg = Debug|Any CPU
		{2DEAB69E-4A62-417F-A74A-D257A33771F0}.Debug|Any CPU.Build.0 = Debug|Any CPU
		{2DEAB69E-4A62-417F-A74A-D257A33771F0}.Release|Any CPU.ActiveCfg = Release|Any CPU
		{2DEAB69E-4A62-417F-A74A-D257A33771F0}.Release|Any CPU.Build.0 = Release|Any CPU
		{6176EA78-B3CA-4C20-BE18-B48DF9E82A66}.Debug|Any CPU.ActiveCfg = Debug|Any CPU
		{6176EA78-B3CA-4C20-BE18-B48DF9E82A66}.Debug|Any CPU.Build.0 = Debug|Any CPU
		{6176EA78-B3CA-4C20-BE18-B48DF9E82A66}.Release|Any CPU.ActiveCfg = Release|Any CPU
		{6176EA78-B3CA-4C20-BE18-B48DF9E82A66}.Release|Any CPU.Build.0 = Release|Any CPU
		{4AC49525-3958-46E4-B85B-EB1E297E83E9}.Debug|Any CPU.ActiveCfg = Debug|Any CPU
		{4AC49525-3958-46E4-B85B-EB1E297E83E9}.Debug|Any CPU.Build.0 = Debug|Any CPU
		{4AC49525-3958-46E4-B85B-EB1E297E83E9}.Release|Any CPU.ActiveCfg = Release|Any CPU
		{4AC49525-3958-46E4-B85B-EB1E297E83E9}.Release|Any CPU.Build.0 = Release|Any CPU
		{4A0BD19C-6AC3-4761-89ED-5A4C35FB98A5}.Debug|Any CPU.ActiveCfg = Debug|Any CPU
		{4A0BD19C-6AC3-4761-89ED-5A4C35FB98A5}.Debug|Any CPU.Build.0 = Debug|Any CPU
		{4A0BD19C-6AC3-4761-89ED-5A4C35FB98A5}.Release|Any CPU.ActiveCfg = Release|Any CPU
		{4A0BD19C-6AC3-4761-89ED-5A4C35FB98A5}.Release|Any CPU.Build.0 = Release|Any CPU
		{EFFBA1A6-AF5F-4D36-A00E-E0A04779E22C}.Debug|Any CPU.ActiveCfg = Debug|Any CPU
		{EFFBA1A6-AF5F-4D36-A00E-E0A04779E22C}.Debug|Any CPU.Build.0 = Debug|Any CPU
		{EFFBA1A6-AF5F-4D36-A00E-E0A04779E22C}.Release|Any CPU.ActiveCfg = Release|Any CPU
		{EFFBA1A6-AF5F-4D36-A00E-E0A04779E22C}.Release|Any CPU.Build.0 = Release|Any CPU
		{47B7D7B7-5D20-458F-87DB-258FC8177EE1}.Debug|Any CPU.ActiveCfg = Debug|Any CPU
		{47B7D7B7-5D20-458F-87DB-258FC8177EE1}.Debug|Any CPU.Build.0 = Debug|Any CPU
		{47B7D7B7-5D20-458F-87DB-258FC8177EE1}.Release|Any CPU.ActiveCfg = Release|Any CPU
		{47B7D7B7-5D20-458F-87DB-258FC8177EE1}.Release|Any CPU.Build.0 = Release|Any CPU
		{2166B25A-20E6-4641-A2E0-3F33A565F874}.Debug|Any CPU.ActiveCfg = Debug|Any CPU
		{2166B25A-20E6-4641-A2E0-3F33A565F874}.Debug|Any CPU.Build.0 = Debug|Any CPU
		{2166B25A-20E6-4641-A2E0-3F33A565F874}.Release|Any CPU.ActiveCfg = Release|Any CPU
		{2166B25A-20E6-4641-A2E0-3F33A565F874}.Release|Any CPU.Build.0 = Release|Any CPU
		{6CFB3B18-BD1B-4117-961E-D515EC180378}.Debug|Any CPU.ActiveCfg = Debug|Any CPU
		{6CFB3B18-BD1B-4117-961E-D515EC180378}.Debug|Any CPU.Build.0 = Debug|Any CPU
		{6CFB3B18-BD1B-4117-961E-D515EC180378}.Release|Any CPU.ActiveCfg = Release|Any CPU
		{6CFB3B18-BD1B-4117-961E-D515EC180378}.Release|Any CPU.Build.0 = Release|Any CPU
		{49B080C9-3980-4AB6-B6FF-44707F7F8A39}.Debug|Any CPU.ActiveCfg = Debug|Any CPU
		{49B080C9-3980-4AB6-B6FF-44707F7F8A39}.Debug|Any CPU.Build.0 = Debug|Any CPU
		{49B080C9-3980-4AB6-B6FF-44707F7F8A39}.Release|Any CPU.ActiveCfg = Release|Any CPU
		{49B080C9-3980-4AB6-B6FF-44707F7F8A39}.Release|Any CPU.Build.0 = Release|Any CPU
		{87D077D9-088E-41EE-9803-B64C2E5C1CF1}.Debug|Any CPU.ActiveCfg = Debug|Any CPU
		{87D077D9-088E-41EE-9803-B64C2E5C1CF1}.Debug|Any CPU.Build.0 = Debug|Any CPU
		{87D077D9-088E-41EE-9803-B64C2E5C1CF1}.Release|Any CPU.ActiveCfg = Release|Any CPU
		{87D077D9-088E-41EE-9803-B64C2E5C1CF1}.Release|Any CPU.Build.0 = Release|Any CPU
		{514641A9-8069-4BD6-99C2-CBFBC4D28283}.Debug|Any CPU.ActiveCfg = Debug|Any CPU
		{514641A9-8069-4BD6-99C2-CBFBC4D28283}.Debug|Any CPU.Build.0 = Debug|Any CPU
		{514641A9-8069-4BD6-99C2-CBFBC4D28283}.Release|Any CPU.ActiveCfg = Release|Any CPU
		{514641A9-8069-4BD6-99C2-CBFBC4D28283}.Release|Any CPU.Build.0 = Release|Any CPU
		{5B4ADCAF-0EC0-41B7-B1DE-7BEB2B624F96}.Debug|Any CPU.ActiveCfg = Debug|Any CPU
		{5B4ADCAF-0EC0-41B7-B1DE-7BEB2B624F96}.Debug|Any CPU.Build.0 = Debug|Any CPU
		{5B4ADCAF-0EC0-41B7-B1DE-7BEB2B624F96}.Release|Any CPU.ActiveCfg = Release|Any CPU
		{5B4ADCAF-0EC0-41B7-B1DE-7BEB2B624F96}.Release|Any CPU.Build.0 = Release|Any CPU
		{115F64F6-B21E-4BBE-A2F1-B49F3DA61593}.Debug|Any CPU.ActiveCfg = Debug|Any CPU
		{115F64F6-B21E-4BBE-A2F1-B49F3DA61593}.Debug|Any CPU.Build.0 = Debug|Any CPU
		{115F64F6-B21E-4BBE-A2F1-B49F3DA61593}.Release|Any CPU.ActiveCfg = Release|Any CPU
		{115F64F6-B21E-4BBE-A2F1-B49F3DA61593}.Release|Any CPU.Build.0 = Release|Any CPU
		{7F406831-4CB0-4A0C-B141-6D5D0D101F3C}.Debug|Any CPU.ActiveCfg = Debug|Any CPU
		{7F406831-4CB0-4A0C-B141-6D5D0D101F3C}.Debug|Any CPU.Build.0 = Debug|Any CPU
		{7F406831-4CB0-4A0C-B141-6D5D0D101F3C}.Release|Any CPU.ActiveCfg = Release|Any CPU
		{7F406831-4CB0-4A0C-B141-6D5D0D101F3C}.Release|Any CPU.Build.0 = Release|Any CPU
		{CE7D1B83-2D29-4EF1-9130-258C91BC7B29}.Debug|Any CPU.ActiveCfg = Debug|Any CPU
		{CE7D1B83-2D29-4EF1-9130-258C91BC7B29}.Debug|Any CPU.Build.0 = Debug|Any CPU
		{CE7D1B83-2D29-4EF1-9130-258C91BC7B29}.Release|Any CPU.ActiveCfg = Release|Any CPU
		{CE7D1B83-2D29-4EF1-9130-258C91BC7B29}.Release|Any CPU.Build.0 = Release|Any CPU
	EndGlobalSection
	GlobalSection(SolutionProperties) = preSolution
		HideSolutionNode = FALSE
	EndGlobalSection
	GlobalSection(NestedProjects) = preSolution
		{76E89574-AF9F-4359-880D-7312F19B4761} = {E9C61374-3403-4101-B585-BDF07A3CA0F6}
		{6BCB3910-B98D-452C-9F47-1512206BA882} = {E9C61374-3403-4101-B585-BDF07A3CA0F6}
		{622FB16E-E31D-4837-8AF8-5019C3B50F80} = {E9C61374-3403-4101-B585-BDF07A3CA0F6}
		{E23B5260-444C-4C04-98F0-11BE354DF915} = {E9C61374-3403-4101-B585-BDF07A3CA0F6}
		{13AB0425-80BD-4686-8E4F-8A7288F63969} = {E9C61374-3403-4101-B585-BDF07A3CA0F6}
		{11EEF6F5-6BEE-4B13-9155-C8E0ADAA0E4E} = {E9C61374-3403-4101-B585-BDF07A3CA0F6}
		{5F20D544-3791-4D31-B6F9-40B4CAF6EC29} = {E9C61374-3403-4101-B585-BDF07A3CA0F6}
		{E5F3E43A-5FDE-4075-8B0D-672048BC7934} = {E9C61374-3403-4101-B585-BDF07A3CA0F6}
		{9A06AA86-A591-4FED-B87C-596883E44F7D} = {E9C61374-3403-4101-B585-BDF07A3CA0F6}
		{2E5145C6-7351-4BC4-A7D6-42FD5FE1C59F} = {22122B7B-8740-474F-94FB-17B85DCFC2DD}
		{7C9CAD15-F530-49D7-AE67-8CD33F4F33F3} = {22122B7B-8740-474F-94FB-17B85DCFC2DD}
		{A3694E0D-FEEF-424A-A03A-F2C6DF76F578} = {22122B7B-8740-474F-94FB-17B85DCFC2DD}
		{70620E5F-2DC1-4D65-A13F-E87127473B89} = {22122B7B-8740-474F-94FB-17B85DCFC2DD}
		{84B97C08-270C-40D3-8AAB-81C8013F0A92} = {22122B7B-8740-474F-94FB-17B85DCFC2DD}
		{94082AFB-969E-48F2-AEBF-A96DBB347AB8} = {22122B7B-8740-474F-94FB-17B85DCFC2DD}
		{2DEAB69E-4A62-417F-A74A-D257A33771F0} = {22122B7B-8740-474F-94FB-17B85DCFC2DD}
		{6176EA78-B3CA-4C20-BE18-B48DF9E82A66} = {22122B7B-8740-474F-94FB-17B85DCFC2DD}
		{4AC49525-3958-46E4-B85B-EB1E297E83E9} = {22122B7B-8740-474F-94FB-17B85DCFC2DD}
		{4A0BD19C-6AC3-4761-89ED-5A4C35FB98A5} = {22122B7B-8740-474F-94FB-17B85DCFC2DD}
		{EFFBA1A6-AF5F-4D36-A00E-E0A04779E22C} = {22122B7B-8740-474F-94FB-17B85DCFC2DD}
		{47B7D7B7-5D20-458F-87DB-258FC8177EE1} = {C9124755-A96D-49DC-9211-B482EC79045F}
		{2166B25A-20E6-4641-A2E0-3F33A565F874} = {C9124755-A96D-49DC-9211-B482EC79045F}
		{6CFB3B18-BD1B-4117-961E-D515EC180378} = {C9124755-A96D-49DC-9211-B482EC79045F}
		{49B080C9-3980-4AB6-B6FF-44707F7F8A39} = {C9124755-A96D-49DC-9211-B482EC79045F}
		{87D077D9-088E-41EE-9803-B64C2E5C1CF1} = {C9124755-A96D-49DC-9211-B482EC79045F}
		{514641A9-8069-4BD6-99C2-CBFBC4D28283} = {C9124755-A96D-49DC-9211-B482EC79045F}
		{5B4ADCAF-0EC0-41B7-B1DE-7BEB2B624F96} = {C9124755-A96D-49DC-9211-B482EC79045F}
		{115F64F6-B21E-4BBE-A2F1-B49F3DA61593} = {C9124755-A96D-49DC-9211-B482EC79045F}
		{7F406831-4CB0-4A0C-B141-6D5D0D101F3C} = {C9124755-A96D-49DC-9211-B482EC79045F}
		{CE7D1B83-2D29-4EF1-9130-258C91BC7B29} = {C9124755-A96D-49DC-9211-B482EC79045F}
	EndGlobalSection
	GlobalSection(ExtensibilityGlobals) = postSolution
		SolutionGuid = {FD9ACC51-8A95-478E-B577-553E815194E2}
	EndGlobalSection
EndGlobal
