
Microsoft Visual Studio Solution File, Format Version 12.00
# Visual Studio Version 17
VisualStudioVersion = 17.7.34024.191
MinimumVisualStudioVersion = 10.0.40219.1
Project("{FAE04EC0-301F-11D3-BF4B-00C04F79EFBC}") = "1. hello+random nums", "1. hello+random nums.csproj", "{AD7420BC-4A66-4AAF-8E0D-2135C38150B1}"
EndProject
Global
	GlobalSection(SolutionConfigurationPlatforms) = preSolution
		Debug|Any CPU = Debug|Any CPU
		Release|Any CPU = Release|Any CPU
	EndGlobalSection
	GlobalSection(ProjectConfigurationPlatforms) = postSolution
		{AD7420BC-4A66-4AAF-8E0D-2135C38150B1}.Debug|Any CPU.ActiveCfg = Debug|Any CPU
		{AD7420BC-4A66-4AAF-8E0D-2135C38150B1}.Debug|Any CPU.Build.0 = Debug|Any CPU
		{AD7420BC-4A66-4AAF-8E0D-2135C38150B1}.Release|Any CPU.ActiveCfg = Release|Any CPU
		{AD7420BC-4A66-4AAF-8E0D-2135C38150B1}.Release|Any CPU.Build.0 = Release|Any CPU
	EndGlobalSection
	GlobalSection(SolutionProperties) = preSolution
		HideSolutionNode = FALSE
	EndGlobalSection
	GlobalSection(ExtensibilityGlobals) = postSolution
		SolutionGuid = {19F135AC-58C9-4EA7-9E6A-1D9A13CB5FFA}
	EndGlobalSection
EndGlobal
