
Microsoft Visual Studio Solution File, Format Version 12.00
# Visual Studio Version 17
VisualStudioVersion = 17.7.34024.191
MinimumVisualStudioVersion = 10.0.40219.1
Project("{FAE04EC0-301F-11D3-BF4B-00C04F79EFBC}") = "3. Percent_Counter", "3. Percent_Counter.csproj", "{A9691635-7C0B-41C0-A963-0C4A81536553}"
EndProject
Global
	GlobalSection(SolutionConfigurationPlatforms) = preSolution
		Debug|Any CPU = Debug|Any CPU
		Release|Any CPU = Release|Any CPU
	EndGlobalSection
	GlobalSection(ProjectConfigurationPlatforms) = postSolution
		{A9691635-7C0B-41C0-A963-0C4A81536553}.Debug|Any CPU.ActiveCfg = Debug|Any CPU
		{A9691635-7C0B-41C0-A963-0C4A81536553}.Debug|Any CPU.Build.0 = Debug|Any CPU
		{A9691635-7C0B-41C0-A963-0C4A81536553}.Release|Any CPU.ActiveCfg = Release|Any CPU
		{A9691635-7C0B-41C0-A963-0C4A81536553}.Release|Any CPU.Build.0 = Release|Any CPU
	EndGlobalSection
	GlobalSection(SolutionProperties) = preSolution
		HideSolutionNode = FALSE
	EndGlobalSection
	GlobalSection(ExtensibilityGlobals) = postSolution
		SolutionGuid = {BE2D391D-0A45-42D1-8C76-B40187B82392}
	EndGlobalSection
EndGlobal
