
Microsoft Visual Studio Solution File, Format Version 12.00
# Visual Studio Version 17
VisualStudioVersion = 17.7.34024.191
MinimumVisualStudioVersion = 10.0.40219.1
Project("{FAE04EC0-301F-11D3-BF4B-00C04F79EFBC}") = "7. Unique11_Divider", "7. Unique11_Divider.csproj", "{31AA5F89-CD55-4E24-8D06-6689D4D31AB5}"
EndProject
Global
	GlobalSection(SolutionConfigurationPlatforms) = preSolution
		Debug|Any CPU = Debug|Any CPU
		Release|Any CPU = Release|Any CPU
	EndGlobalSection
	GlobalSection(ProjectConfigurationPlatforms) = postSolution
		{31AA5F89-CD55-4E24-8D06-6689D4D31AB5}.Debug|Any CPU.ActiveCfg = Debug|Any CPU
		{31AA5F89-CD55-4E24-8D06-6689D4D31AB5}.Debug|Any CPU.Build.0 = Debug|Any CPU
		{31AA5F89-CD55-4E24-8D06-6689D4D31AB5}.Release|Any CPU.ActiveCfg = Release|Any CPU
		{31AA5F89-CD55-4E24-8D06-6689D4D31AB5}.Release|Any CPU.Build.0 = Release|Any CPU
	EndGlobalSection
	GlobalSection(SolutionProperties) = preSolution
		HideSolutionNode = FALSE
	EndGlobalSection
	GlobalSection(ExtensibilityGlobals) = postSolution
		SolutionGuid = {A48381BC-6D95-4B0C-A9F1-790B70A15A02}
	EndGlobalSection
EndGlobal
