
Microsoft Visual Studio Solution File, Format Version 12.00
# Visual Studio Version 17
VisualStudioVersion = 17.7.34221.43
MinimumVisualStudioVersion = 10.0.40219.1
Project("{FAE04EC0-301F-11D3-BF4B-00C04F79EFBC}") = "3. word counter", "3. word counter\3. word counter.csproj", "{9CD12FD8-1D90-4EA5-A480-AC5846C29513}"
EndProject
Global
	GlobalSection(SolutionConfigurationPlatforms) = preSolution
		Debug|Any CPU = Debug|Any CPU
		Release|Any CPU = Release|Any CPU
	EndGlobalSection
	GlobalSection(ProjectConfigurationPlatforms) = postSolution
		{9CD12FD8-1D90-4EA5-A480-AC5846C29513}.Debug|Any CPU.ActiveCfg = Debug|Any CPU
		{9CD12FD8-1D90-4EA5-A480-AC5846C29513}.Debug|Any CPU.Build.0 = Debug|Any CPU
		{9CD12FD8-1D90-4EA5-A480-AC5846C29513}.Release|Any CPU.ActiveCfg = Release|Any CPU
		{9CD12FD8-1D90-4EA5-A480-AC5846C29513}.Release|Any CPU.Build.0 = Release|Any CPU
	EndGlobalSection
	GlobalSection(SolutionProperties) = preSolution
		HideSolutionNode = FALSE
	EndGlobalSection
	GlobalSection(ExtensibilityGlobals) = postSolution
		SolutionGuid = {C8AAE2A7-6ED7-4110-A6F5-1610E319FD7F}
	EndGlobalSection
EndGlobal
