
Microsoft Visual Studio Solution File, Format Version 12.00
# Visual Studio Version 17
VisualStudioVersion = 17.7.34024.191
MinimumVisualStudioVersion = 10.0.40219.1
Project("{FAE04EC0-301F-11D3-BF4B-00C04F79EFBC}") = "6.(optional) Elementary in range", "6.(optional) Elementary in range.csproj", "{3A426F29-5C2E-418C-B1C5-48F8A911AB7B}"
EndProject
Global
	GlobalSection(SolutionConfigurationPlatforms) = preSolution
		Debug|Any CPU = Debug|Any CPU
		Release|Any CPU = Release|Any CPU
	EndGlobalSection
	GlobalSection(ProjectConfigurationPlatforms) = postSolution
		{3A426F29-5C2E-418C-B1C5-48F8A911AB7B}.Debug|Any CPU.ActiveCfg = Debug|Any CPU
		{3A426F29-5C2E-418C-B1C5-48F8A911AB7B}.Debug|Any CPU.Build.0 = Debug|Any CPU
		{3A426F29-5C2E-418C-B1C5-48F8A911AB7B}.Release|Any CPU.ActiveCfg = Release|Any CPU
		{3A426F29-5C2E-418C-B1C5-48F8A911AB7B}.Release|Any CPU.Build.0 = Release|Any CPU
	EndGlobalSection
	GlobalSection(SolutionProperties) = preSolution
		HideSolutionNode = FALSE
	EndGlobalSection
	GlobalSection(ExtensibilityGlobals) = postSolution
		SolutionGuid = {8EF995E2-BBFF-4617-BDD9-D363E4AFBFAA}
	EndGlobalSection
EndGlobal
