
Microsoft Visual Studio Solution File, Format Version 12.00
# Visual Studio Version 17
VisualStudioVersion = 17.7.34024.191
MinimumVisualStudioVersion = 10.0.40219.1
Project("{FAE04EC0-301F-11D3-BF4B-00C04F79EFBC}") = "TriangleStraight", "TriangleStraight.csproj", "{72BC364E-23B8-4817-9AD1-9960B79E6DBC}"
EndProject
Global
	GlobalSection(SolutionConfigurationPlatforms) = preSolution
		Debug|Any CPU = Debug|Any CPU
		Release|Any CPU = Release|Any CPU
	EndGlobalSection
	GlobalSection(ProjectConfigurationPlatforms) = postSolution
		{72BC364E-23B8-4817-9AD1-9960B79E6DBC}.Debug|Any CPU.ActiveCfg = Debug|Any CPU
		{72BC364E-23B8-4817-9AD1-9960B79E6DBC}.Debug|Any CPU.Build.0 = Debug|Any CPU
		{72BC364E-23B8-4817-9AD1-9960B79E6DBC}.Release|Any CPU.ActiveCfg = Release|Any CPU
		{72BC364E-23B8-4817-9AD1-9960B79E6DBC}.Release|Any CPU.Build.0 = Release|Any CPU
	EndGlobalSection
	GlobalSection(SolutionProperties) = preSolution
		HideSolutionNode = FALSE
	EndGlobalSection
	GlobalSection(ExtensibilityGlobals) = postSolution
		SolutionGuid = {B3101F36-2CC3-40C2-8210-228894985C74}
	EndGlobalSection
EndGlobal
