
Microsoft Visual Studio Solution File, Format Version 12.00
# Visual Studio Version 17
VisualStudioVersion = 17.7.34024.191
MinimumVisualStudioVersion = 10.0.40219.1
Project("{FAE04EC0-301F-11D3-BF4B-00C04F79EFBC}") = "Sum_in_num", "Sum_in_num.csproj", "{1DF93482-C601-4ADF-8028-DE36254A909C}"
EndProject
Global
	GlobalSection(SolutionConfigurationPlatforms) = preSolution
		Debug|Any CPU = Debug|Any CPU
		Release|Any CPU = Release|Any CPU
	EndGlobalSection
	GlobalSection(ProjectConfigurationPlatforms) = postSolution
		{1DF93482-C601-4ADF-8028-DE36254A909C}.Debug|Any CPU.ActiveCfg = Debug|Any CPU
		{1DF93482-C601-4ADF-8028-DE36254A909C}.Debug|Any CPU.Build.0 = Debug|Any CPU
		{1DF93482-C601-4ADF-8028-DE36254A909C}.Release|Any CPU.ActiveCfg = Release|Any CPU
		{1DF93482-C601-4ADF-8028-DE36254A909C}.Release|Any CPU.Build.0 = Release|Any CPU
	EndGlobalSection
	GlobalSection(SolutionProperties) = preSolution
		HideSolutionNode = FALSE
	EndGlobalSection
	GlobalSection(ExtensibilityGlobals) = postSolution
		SolutionGuid = {97A81652-27F7-4C4C-B3DD-EBF4B35217C8}
	EndGlobalSection
EndGlobal
