
Microsoft Visual Studio Solution File, Format Version 12.00
# Visual Studio Version 17
VisualStudioVersion = 17.7.34024.191
MinimumVisualStudioVersion = 10.0.40219.1
Project("{FAE04EC0-301F-11D3-BF4B-00C04F79EFBC}") = "1. array stats", "1. array stats.csproj", "{4B5E0AC4-A0A1-4F63-BF08-F4B102DE3119}"
EndProject
Global
	GlobalSection(SolutionConfigurationPlatforms) = preSolution
		Debug|Any CPU = Debug|Any CPU
		Release|Any CPU = Release|Any CPU
	EndGlobalSection
	GlobalSection(ProjectConfigurationPlatforms) = postSolution
		{4B5E0AC4-A0A1-4F63-BF08-F4B102DE3119}.Debug|Any CPU.ActiveCfg = Debug|Any CPU
		{4B5E0AC4-A0A1-4F63-BF08-F4B102DE3119}.Debug|Any CPU.Build.0 = Debug|Any CPU
		{4B5E0AC4-A0A1-4F63-BF08-F4B102DE3119}.Release|Any CPU.ActiveCfg = Release|Any CPU
		{4B5E0AC4-A0A1-4F63-BF08-F4B102DE3119}.Release|Any CPU.Build.0 = Release|Any CPU
	EndGlobalSection
	GlobalSection(SolutionProperties) = preSolution
		HideSolutionNode = FALSE
	EndGlobalSection
	GlobalSection(ExtensibilityGlobals) = postSolution
		SolutionGuid = {CC17C42F-8F1F-4F88-B486-C2E1DA5F8581}
	EndGlobalSection
EndGlobal
