
Microsoft Visual Studio Solution File, Format Version 12.00
# Visual Studio Version 17
VisualStudioVersion = 17.7.34024.191
MinimumVisualStudioVersion = 10.0.40219.1
Project("{FAE04EC0-301F-11D3-BF4B-00C04F79EFBC}") = "5. Day_in_week", "5. Day_in_week.csproj", "{0ACDFE72-DC30-425C-BF39-0A845CFBFCA4}"
EndProject
Global
	GlobalSection(SolutionConfigurationPlatforms) = preSolution
		Debug|Any CPU = Debug|Any CPU
		Release|Any CPU = Release|Any CPU
	EndGlobalSection
	GlobalSection(ProjectConfigurationPlatforms) = postSolution
		{0ACDFE72-DC30-425C-BF39-0A845CFBFCA4}.Debug|Any CPU.ActiveCfg = Debug|Any CPU
		{0ACDFE72-DC30-425C-BF39-0A845CFBFCA4}.Debug|Any CPU.Build.0 = Debug|Any CPU
		{0ACDFE72-DC30-425C-BF39-0A845CFBFCA4}.Release|Any CPU.ActiveCfg = Release|Any CPU
		{0ACDFE72-DC30-425C-BF39-0A845CFBFCA4}.Release|Any CPU.Build.0 = Release|Any CPU
	EndGlobalSection
	GlobalSection(SolutionProperties) = preSolution
		HideSolutionNode = FALSE
	EndGlobalSection
	GlobalSection(ExtensibilityGlobals) = postSolution
		SolutionGuid = {7DD258CC-7CA2-4B23-B1DF-4F2FA39195E9}
	EndGlobalSection
EndGlobal
