
Microsoft Visual Studio Solution File, Format Version 12.00
# Visual Studio Version 17
VisualStudioVersion = 17.7.34024.191
MinimumVisualStudioVersion = 10.0.40219.1
Project("{FAE04EC0-301F-11D3-BF4B-00C04F79EFBC}") = "1. Even Number Counter and Sum", "1. Even Number Counter and Sum.csproj", "{42761C11-755F-49DD-8819-CCDD8FB48846}"
EndProject
Global
	GlobalSection(SolutionConfigurationPlatforms) = preSolution
		Debug|Any CPU = Debug|Any CPU
		Release|Any CPU = Release|Any CPU
	EndGlobalSection
	GlobalSection(ProjectConfigurationPlatforms) = postSolution
		{42761C11-755F-49DD-8819-CCDD8FB48846}.Debug|Any CPU.ActiveCfg = Debug|Any CPU
		{42761C11-755F-49DD-8819-CCDD8FB48846}.Debug|Any CPU.Build.0 = Debug|Any CPU
		{42761C11-755F-49DD-8819-CCDD8FB48846}.Release|Any CPU.ActiveCfg = Release|Any CPU
		{42761C11-755F-49DD-8819-CCDD8FB48846}.Release|Any CPU.Build.0 = Release|Any CPU
	EndGlobalSection
	GlobalSection(SolutionProperties) = preSolution
		HideSolutionNode = FALSE
	EndGlobalSection
	GlobalSection(ExtensibilityGlobals) = postSolution
		SolutionGuid = {585EF7A1-2256-4AAE-B6C5-32B5973B4D29}
	EndGlobalSection
EndGlobal
