
Microsoft Visual Studio Solution File, Format Version 12.00
# Visual Studio Version 17
VisualStudioVersion = 17.7.34221.43
MinimumVisualStudioVersion = 10.0.40219.1
Project("{FAE04EC0-301F-11D3-BF4B-00C04F79EFBC}") = "2. BookStore", "2. BookStore\2. BookStore.csproj", "{F7D871EE-F6A1-46F3-BBEA-4C4823AB7211}"
EndProject
Global
	GlobalSection(SolutionConfigurationPlatforms) = preSolution
		Debug|Any CPU = Debug|Any CPU
		Release|Any CPU = Release|Any CPU
	EndGlobalSection
	GlobalSection(ProjectConfigurationPlatforms) = postSolution
		{F7D871EE-F6A1-46F3-BBEA-4C4823AB7211}.Debug|Any CPU.ActiveCfg = Debug|Any CPU
		{F7D871EE-F6A1-46F3-BBEA-4C4823AB7211}.Debug|Any CPU.Build.0 = Debug|Any CPU
		{F7D871EE-F6A1-46F3-BBEA-4C4823AB7211}.Release|Any CPU.ActiveCfg = Release|Any CPU
		{F7D871EE-F6A1-46F3-BBEA-4C4823AB7211}.Release|Any CPU.Build.0 = Release|Any CPU
	EndGlobalSection
	GlobalSection(SolutionProperties) = preSolution
		HideSolutionNode = FALSE
	EndGlobalSection
	GlobalSection(ExtensibilityGlobals) = postSolution
		SolutionGuid = {2BCB775B-E7D8-48B0-8FA5-78CBB8A9D6FD}
	EndGlobalSection
EndGlobal
